Microsoft Visual Studio Solution File, Format Version 12.00
# Visual Studio 15
VisualStudioVersion = 15.0.27130.2026
MinimumVisualStudioVersion = 10.0.40219.1
Project("{FAE04EC0-301F-11D3-BF4B-00C04F79EFBC}") = "FastMines.Uwp.Main", "FastMines_uwp\FastMines.Uwp.Main\FastMines.Uwp.Main.csproj", "{758FC9E6-177D-4231-8AFF-2BDA5B7DAB54}"
EndProject
Project("{FAE04EC0-301F-11D3-BF4B-00C04F79EFBC}") = "FastMines.Uwp.BackgroundTasks", "FastMines_uwp\FastMines.Uwp.BackgroundTasks\FastMines.Uwp.BackgroundTasks.csproj", "{4F75C36E-7157-449F-9686-DEA20F83BBDB}"
EndProject
Project("{8BC9CEB8-8B4A-11D0-8D11-00A0C91BC942}") = "FastMines.Logo", "FastMines_Logo\FastMines_Logo.vcxproj", "{709C5B80-F59C-4E4C-AED6-6CDEBA3D8E9C}"
EndProject
Project("{D954291E-2A0B-460D-934E-DC6B0785DB48}") = "FastMines.Core", "FastMines_core\FastMines.Core\FastMines.Core.shproj", "{9DFD73DB-D187-4471-98BA-713996C8A257}"
EndProject
Project("{D954291E-2A0B-460D-934E-DC6B0785DB48}") = "FastMines.Uwp.Shared", "FastMines_uwp\FastMines.Uwp.Shared\FastMines.Uwp.Shared.shproj", "{3AB77D5F-33DA-4867-B97B-9E0DA4901DDE}"
EndProject
Project("{2150E333-8FDC-42A3-9474-1A3956D46DE8}") = "Test", "Test", "{6C78E2F6-4321-4C89-9312-AA367B07205C}"
EndProject
Project("{FAE04EC0-301F-11D3-BF4B-00C04F79EFBC}") = "Test.FastMines.Uwp.Images", "FastMines_uwp\Test.FastMines.Uwp.Images\Test.FastMines.Uwp.Images.csproj", "{BABB709F-6E07-49EE-85F4-9DFA1E5126EF}"
EndProject
Project("{2150E333-8FDC-42A3-9474-1A3956D46DE8}") = "Uwp", "Uwp", "{D47E7AF7-77FF-43A6-949A-6B98EB51499D}"
EndProject
Project("{D954291E-2A0B-460D-934E-DC6B0785DB48}") = "FastMines.Uwp.Draw.WBmp", "FastMines_uwp\FastMines.Uwp.Draw.WBmp\FastMines.Uwp.Draw.WBmp.shproj", "{3DE6E1BD-606B-41C8-99AC-6FC22AFEC0B4}"
EndProject
Project("{D954291E-2A0B-460D-934E-DC6B0785DB48}") = "FastMines.Uwp.Draw.Win2D", "FastMines_uwp\FastMines.Uwp.Draw.Win2D\FastMines.Uwp.Draw.Win2D.shproj", "{C8694177-A4FB-44DD-AFAF-DB029E94F037}"
EndProject
Project("{D954291E-2A0B-460D-934E-DC6B0785DB48}") = "FastMines.Uwp.Draw.XamlElem", "FastMines_uwp\FastMines.Uwp.Draw.XamlElem\FastMines.Uwp.Draw.XamlElem.shproj", "{9DB7237D-BFAE-4767-8202-8E54977978A0}"
EndProject
Project("{9A19103F-16F7-4668-BE54-9A1E7A4F7556}") = "Test.FastMines.Ava.Images", "FastMines_Ava\Test.FastMines.Ava.Images\Test.FastMines.Ava.Images.csproj", "{A897306A-DB7F-41B4-8D53-B64F928E258C}"
EndProject
Project("{2150E333-8FDC-42A3-9474-1A3956D46DE8}") = "Ava", "Ava", "{E8D26177-F66D-4F97-9AB4-A02C30D77CFD}"
EndProject
Project("{D954291E-2A0B-460D-934E-DC6B0785DB48}") = "FastMines.Ava.Draw", "FastMines_Ava\FastMines.Ava.Draw\FastMines.Ava.Draw.shproj", "{196FA595-153B-4435-8E9B-46C36BAC1A2E}"
EndProject
Project("{9A19103F-16F7-4668-BE54-9A1E7A4F7556}") = "AvaloniaCoreSnow", "..\C#\let-it-snow\AvaloniaCoreSnow\AvaloniaCoreSnow.csproj", "{4FE0DDFD-EC7D-44F2-AA23-6F4C08E4DA15}"
EndProject
Project("{9A19103F-16F7-4668-BE54-9A1E7A4F7556}") = "Test.FastMines.Common", "FastMines_core\Test.FastMines.Common\Test.FastMines.Common.csproj", "{31716C7E-3D9D-45B7-A14B-4592DFA01B32}"
EndProject
Global
	GlobalSection(SharedMSBuildProjectFiles) = preSolution
		FastMines_Ava\FastMines.Ava.Draw\FastMines.Ava.Draw.projitems*{196fa595-153b-4435-8e9b-46c36bac1a2e}*SharedItemsImports = 13
		FastMines_uwp\FastMines.Uwp.Shared\FastMines.Uwp.Shared.projitems*{3ab77d5f-33da-4867-b97b-9e0da4901dde}*SharedItemsImports = 13
		FastMines_uwp\FastMines.Uwp.Draw.WBmp\FastMines.Uwp.Draw.WBmp.projitems*{3de6e1bd-606b-41c8-99ac-6fc22afec0b4}*SharedItemsImports = 13
		FastMines_uwp\FastMines.Uwp.Draw.XamlElem\FastMines.Uwp.Draw.XamlElem.projitems*{9db7237d-bfae-4767-8202-8e54977978a0}*SharedItemsImports = 13
		FastMines_core\FastMines.Core\FastMines.Core.projitems*{9dfd73db-d187-4471-98ba-713996c8a257}*SharedItemsImports = 13
		FastMines_core\FastMines.Core\FastMines.Core.projitems*{babb709f-6e07-49ee-85f4-9dfa1e5126ef}*SharedItemsImports = 4
		FastMines_uwp\FastMines.Uwp.Draw.WBmp\FastMines.Uwp.Draw.WBmp.projitems*{babb709f-6e07-49ee-85f4-9dfa1e5126ef}*SharedItemsImports = 4
		FastMines_uwp\FastMines.Uwp.Draw.Win2D\FastMines.Uwp.Draw.Win2D.projitems*{babb709f-6e07-49ee-85f4-9dfa1e5126ef}*SharedItemsImports = 4
		FastMines_uwp\FastMines.Uwp.Draw.XamlElem\FastMines.Uwp.Draw.XamlElem.projitems*{babb709f-6e07-49ee-85f4-9dfa1e5126ef}*SharedItemsImports = 4
		FastMines_uwp\FastMines.Uwp.Shared\FastMines.Uwp.Shared.projitems*{babb709f-6e07-49ee-85f4-9dfa1e5126ef}*SharedItemsImports = 4
		FastMines_uwp\FastMines.Uwp.Draw.Win2D\FastMines.Uwp.Draw.Win2D.projitems*{c8694177-a4fb-44dd-afaf-db029e94f037}*SharedItemsImports = 13
	EndGlobalSection
	GlobalSection(SolutionConfigurationPlatforms) = preSolution
		Debug|Any CPU = Debug|Any CPU
		Debug|ARM = Debug|ARM
		Debug|Mixed Platforms = Debug|Mixed Platforms
		Debug|Win32 = Debug|Win32
		Debug|x64 = Debug|x64
		Debug|x86 = Debug|x86
		Release|Any CPU = Release|Any CPU
		Release|ARM = Release|ARM
		Release|Mixed Platforms = Release|Mixed Platforms
		Release|Win32 = Release|Win32
		Release|x64 = Release|x64
		Release|x86 = Release|x86
	EndGlobalSection
	GlobalSection(ProjectConfigurationPlatforms) = postSolution
		{758FC9E6-177D-4231-8AFF-2BDA5B7DAB54}.Debug|Any CPU.ActiveCfg = Debug|x86
		{758FC9E6-177D-4231-8AFF-2BDA5B7DAB54}.Debug|ARM.ActiveCfg = Debug|ARM
		{758FC9E6-177D-4231-8AFF-2BDA5B7DAB54}.Debug|ARM.Build.0 = Debug|ARM
		{758FC9E6-177D-4231-8AFF-2BDA5B7DAB54}.Debug|ARM.Deploy.0 = Debug|ARM
		{758FC9E6-177D-4231-8AFF-2BDA5B7DAB54}.Debug|Mixed Platforms.ActiveCfg = Debug|x86
		{758FC9E6-177D-4231-8AFF-2BDA5B7DAB54}.Debug|Mixed Platforms.Build.0 = Debug|x86
		{758FC9E6-177D-4231-8AFF-2BDA5B7DAB54}.Debug|Mixed Platforms.Deploy.0 = Debug|x86
		{758FC9E6-177D-4231-8AFF-2BDA5B7DAB54}.Debug|Win32.ActiveCfg = Debug|x86
		{758FC9E6-177D-4231-8AFF-2BDA5B7DAB54}.Debug|Win32.Build.0 = Debug|x86
		{758FC9E6-177D-4231-8AFF-2BDA5B7DAB54}.Debug|Win32.Deploy.0 = Debug|x86
		{758FC9E6-177D-4231-8AFF-2BDA5B7DAB54}.Debug|x64.ActiveCfg = Debug|x64
		{758FC9E6-177D-4231-8AFF-2BDA5B7DAB54}.Debug|x64.Build.0 = Debug|x64
		{758FC9E6-177D-4231-8AFF-2BDA5B7DAB54}.Debug|x64.Deploy.0 = Debug|x64
		{758FC9E6-177D-4231-8AFF-2BDA5B7DAB54}.Debug|x86.ActiveCfg = Debug|x86
		{758FC9E6-177D-4231-8AFF-2BDA5B7DAB54}.Debug|x86.Build.0 = Debug|x86
		{758FC9E6-177D-4231-8AFF-2BDA5B7DAB54}.Debug|x86.Deploy.0 = Debug|x86
		{758FC9E6-177D-4231-8AFF-2BDA5B7DAB54}.Release|Any CPU.ActiveCfg = Release|x86
		{758FC9E6-177D-4231-8AFF-2BDA5B7DAB54}.Release|ARM.ActiveCfg = Release|ARM
		{758FC9E6-177D-4231-8AFF-2BDA5B7DAB54}.Release|ARM.Build.0 = Release|ARM
		{758FC9E6-177D-4231-8AFF-2BDA5B7DAB54}.Release|ARM.Deploy.0 = Release|ARM
		{758FC9E6-177D-4231-8AFF-2BDA5B7DAB54}.Release|Mixed Platforms.ActiveCfg = Release|x86
		{758FC9E6-177D-4231-8AFF-2BDA5B7DAB54}.Release|Mixed Platforms.Build.0 = Release|x86
		{758FC9E6-177D-4231-8AFF-2BDA5B7DAB54}.Release|Mixed Platforms.Deploy.0 = Release|x86
		{758FC9E6-177D-4231-8AFF-2BDA5B7DAB54}.Release|Win32.ActiveCfg = Release|x86
		{758FC9E6-177D-4231-8AFF-2BDA5B7DAB54}.Release|x64.ActiveCfg = Release|x64
		{758FC9E6-177D-4231-8AFF-2BDA5B7DAB54}.Release|x64.Build.0 = Release|x64
		{758FC9E6-177D-4231-8AFF-2BDA5B7DAB54}.Release|x64.Deploy.0 = Release|x64
		{758FC9E6-177D-4231-8AFF-2BDA5B7DAB54}.Release|x86.ActiveCfg = Release|x86
		{758FC9E6-177D-4231-8AFF-2BDA5B7DAB54}.Release|x86.Build.0 = Release|x86
		{758FC9E6-177D-4231-8AFF-2BDA5B7DAB54}.Release|x86.Deploy.0 = Release|x86
		{4F75C36E-7157-449F-9686-DEA20F83BBDB}.Debug|Any CPU.ActiveCfg = Debug|x86
		{4F75C36E-7157-449F-9686-DEA20F83BBDB}.Debug|ARM.ActiveCfg = Debug|ARM
		{4F75C36E-7157-449F-9686-DEA20F83BBDB}.Debug|ARM.Build.0 = Debug|ARM
		{4F75C36E-7157-449F-9686-DEA20F83BBDB}.Debug|Mixed Platforms.ActiveCfg = Debug|x86
		{4F75C36E-7157-449F-9686-DEA20F83BBDB}.Debug|Mixed Platforms.Build.0 = Debug|x86
		{4F75C36E-7157-449F-9686-DEA20F83BBDB}.Debug|Win32.ActiveCfg = Debug|x86
		{4F75C36E-7157-449F-9686-DEA20F83BBDB}.Debug|Win32.Build.0 = Debug|x86
		{4F75C36E-7157-449F-9686-DEA20F83BBDB}.Debug|x64.ActiveCfg = Debug|x64
		{4F75C36E-7157-449F-9686-DEA20F83BBDB}.Debug|x64.Build.0 = Debug|x64
		{4F75C36E-7157-449F-9686-DEA20F83BBDB}.Debug|x86.ActiveCfg = Debug|x86
		{4F75C36E-7157-449F-9686-DEA20F83BBDB}.Debug|x86.Build.0 = Debug|x86
		{4F75C36E-7157-449F-9686-DEA20F83BBDB}.Release|Any CPU.ActiveCfg = Release|x86
		{4F75C36E-7157-449F-9686-DEA20F83BBDB}.Release|ARM.ActiveCfg = Release|ARM
		{4F75C36E-7157-449F-9686-DEA20F83BBDB}.Release|ARM.Build.0 = Release|ARM
		{4F75C36E-7157-449F-9686-DEA20F83BBDB}.Release|Mixed Platforms.ActiveCfg = Release|x86
		{4F75C36E-7157-449F-9686-DEA20F83BBDB}.Release|Mixed Platforms.Build.0 = Release|x86
		{4F75C36E-7157-449F-9686-DEA20F83BBDB}.Release|Win32.ActiveCfg = Release|x86
		{4F75C36E-7157-449F-9686-DEA20F83BBDB}.Release|Win32.Build.0 = Release|x86
		{4F75C36E-7157-449F-9686-DEA20F83BBDB}.Release|x64.ActiveCfg = Release|x64
		{4F75C36E-7157-449F-9686-DEA20F83BBDB}.Release|x64.Build.0 = Release|x64
		{4F75C36E-7157-449F-9686-DEA20F83BBDB}.Release|x86.ActiveCfg = Release|x86
		{4F75C36E-7157-449F-9686-DEA20F83BBDB}.Release|x86.Build.0 = Release|x86
		{709C5B80-F59C-4E4C-AED6-6CDEBA3D8E9C}.Debug|Any CPU.ActiveCfg = Debug|Win32
		{709C5B80-F59C-4E4C-AED6-6CDEBA3D8E9C}.Debug|ARM.ActiveCfg = Debug|Win32
		{709C5B80-F59C-4E4C-AED6-6CDEBA3D8E9C}.Debug|Mixed Platforms.ActiveCfg = Debug|Win32
		{709C5B80-F59C-4E4C-AED6-6CDEBA3D8E9C}.Debug|Mixed Platforms.Build.0 = Debug|Win32
		{709C5B80-F59C-4E4C-AED6-6CDEBA3D8E9C}.Debug|Win32.ActiveCfg = Debug|Win32
		{709C5B80-F59C-4E4C-AED6-6CDEBA3D8E9C}.Debug|Win32.Build.0 = Debug|Win32
		{709C5B80-F59C-4E4C-AED6-6CDEBA3D8E9C}.Debug|x64.ActiveCfg = Debug|Win32
		{709C5B80-F59C-4E4C-AED6-6CDEBA3D8E9C}.Debug|x86.ActiveCfg = Debug|Win32
		{709C5B80-F59C-4E4C-AED6-6CDEBA3D8E9C}.Debug|x86.Build.0 = Debug|Win32
		{709C5B80-F59C-4E4C-AED6-6CDEBA3D8E9C}.Release|Any CPU.ActiveCfg = Release|Win32
		{709C5B80-F59C-4E4C-AED6-6CDEBA3D8E9C}.Release|ARM.ActiveCfg = Release|Win32
		{709C5B80-F59C-4E4C-AED6-6CDEBA3D8E9C}.Release|Mixed Platforms.ActiveCfg = Release|Win32
		{709C5B80-F59C-4E4C-AED6-6CDEBA3D8E9C}.Release|Mixed Platforms.Build.0 = Release|Win32
		{709C5B80-F59C-4E4C-AED6-6CDEBA3D8E9C}.Release|Win32.ActiveCfg = Release|Win32
		{709C5B80-F59C-4E4C-AED6-6CDEBA3D8E9C}.Release|Win32.Build.0 = Release|Win32
		{709C5B80-F59C-4E4C-AED6-6CDEBA3D8E9C}.Release|x64.ActiveCfg = Release|Win32
		{709C5B80-F59C-4E4C-AED6-6CDEBA3D8E9C}.Release|x86.ActiveCfg = Release|Win32
		{709C5B80-F59C-4E4C-AED6-6CDEBA3D8E9C}.Release|x86.Build.0 = Release|Win32
		{BABB709F-6E07-49EE-85F4-9DFA1E5126EF}.Debug|Any CPU.ActiveCfg = Debug|x86
		{BABB709F-6E07-49EE-85F4-9DFA1E5126EF}.Debug|ARM.ActiveCfg = Debug|ARM
		{BABB709F-6E07-49EE-85F4-9DFA1E5126EF}.Debug|ARM.Build.0 = Debug|ARM
		{BABB709F-6E07-49EE-85F4-9DFA1E5126EF}.Debug|ARM.Deploy.0 = Debug|ARM
		{BABB709F-6E07-49EE-85F4-9DFA1E5126EF}.Debug|Mixed Platforms.ActiveCfg = Debug|x64
		{BABB709F-6E07-49EE-85F4-9DFA1E5126EF}.Debug|Mixed Platforms.Build.0 = Debug|x64
		{BABB709F-6E07-49EE-85F4-9DFA1E5126EF}.Debug|Mixed Platforms.Deploy.0 = Debug|x64
		{BABB709F-6E07-49EE-85F4-9DFA1E5126EF}.Debug|Win32.ActiveCfg = Debug|x86
		{BABB709F-6E07-49EE-85F4-9DFA1E5126EF}.Debug|Win32.Build.0 = Debug|x86
		{BABB709F-6E07-49EE-85F4-9DFA1E5126EF}.Debug|Win32.Deploy.0 = Debug|x86
		{BABB709F-6E07-49EE-85F4-9DFA1E5126EF}.Debug|x64.ActiveCfg = Debug|x64
		{BABB709F-6E07-49EE-85F4-9DFA1E5126EF}.Debug|x64.Build.0 = Debug|x64
		{BABB709F-6E07-49EE-85F4-9DFA1E5126EF}.Debug|x64.Deploy.0 = Debug|x64
		{BABB709F-6E07-49EE-85F4-9DFA1E5126EF}.Debug|x86.ActiveCfg = Debug|x86
		{BABB709F-6E07-49EE-85F4-9DFA1E5126EF}.Debug|x86.Build.0 = Debug|x86
		{BABB709F-6E07-49EE-85F4-9DFA1E5126EF}.Debug|x86.Deploy.0 = Debug|x86
		{BABB709F-6E07-49EE-85F4-9DFA1E5126EF}.Release|Any CPU.ActiveCfg = Release|x86
		{BABB709F-6E07-49EE-85F4-9DFA1E5126EF}.Release|ARM.ActiveCfg = Release|ARM
		{BABB709F-6E07-49EE-85F4-9DFA1E5126EF}.Release|ARM.Build.0 = Release|ARM
		{BABB709F-6E07-49EE-85F4-9DFA1E5126EF}.Release|ARM.Deploy.0 = Release|ARM
		{BABB709F-6E07-49EE-85F4-9DFA1E5126EF}.Release|Mixed Platforms.ActiveCfg = Release|x86
		{BABB709F-6E07-49EE-85F4-9DFA1E5126EF}.Release|Mixed Platforms.Build.0 = Release|x86
		{BABB709F-6E07-49EE-85F4-9DFA1E5126EF}.Release|Mixed Platforms.Deploy.0 = Release|x86
		{BABB709F-6E07-49EE-85F4-9DFA1E5126EF}.Release|Win32.ActiveCfg = Release|x86
		{BABB709F-6E07-49EE-85F4-9DFA1E5126EF}.Release|Win32.Build.0 = Release|x86
		{BABB709F-6E07-49EE-85F4-9DFA1E5126EF}.Release|Win32.Deploy.0 = Release|x86
		{BABB709F-6E07-49EE-85F4-9DFA1E5126EF}.Release|x64.ActiveCfg = Release|x64
		{BABB709F-6E07-49EE-85F4-9DFA1E5126EF}.Release|x64.Build.0 = Release|x64
		{BABB709F-6E07-49EE-85F4-9DFA1E5126EF}.Release|x64.Deploy.0 = Release|x64
		{BABB709F-6E07-49EE-85F4-9DFA1E5126EF}.Release|x86.ActiveCfg = Release|x86
		{BABB709F-6E07-49EE-85F4-9DFA1E5126EF}.Release|x86.Build.0 = Release|x86
		{BABB709F-6E07-49EE-85F4-9DFA1E5126EF}.Release|x86.Deploy.0 = Release|x86
		{A897306A-DB7F-41B4-8D53-B64F928E258C}.Debug|Any CPU.ActiveCfg = Debug|Any CPU
		{A897306A-DB7F-41B4-8D53-B64F928E258C}.Debug|Any CPU.Build.0 = Debug|Any CPU
		{A897306A-DB7F-41B4-8D53-B64F928E258C}.Debug|ARM.ActiveCfg = Debug|Any CPU
		{A897306A-DB7F-41B4-8D53-B64F928E258C}.Debug|ARM.Build.0 = Debug|Any CPU
		{A897306A-DB7F-41B4-8D53-B64F928E258C}.Debug|Mixed Platforms.ActiveCfg = Debug|Any CPU
		{A897306A-DB7F-41B4-8D53-B64F928E258C}.Debug|Mixed Platforms.Build.0 = Debug|Any CPU
		{A897306A-DB7F-41B4-8D53-B64F928E258C}.Debug|Win32.ActiveCfg = Debug|Any CPU
		{A897306A-DB7F-41B4-8D53-B64F928E258C}.Debug|Win32.Build.0 = Debug|Any CPU
		{A897306A-DB7F-41B4-8D53-B64F928E258C}.Debug|x64.ActiveCfg = Debug|Any CPU
		{A897306A-DB7F-41B4-8D53-B64F928E258C}.Debug|x64.Build.0 = Debug|Any CPU
		{A897306A-DB7F-41B4-8D53-B64F928E258C}.Debug|x86.ActiveCfg = Debug|Any CPU
		{A897306A-DB7F-41B4-8D53-B64F928E258C}.Debug|x86.Build.0 = Debug|Any CPU
		{A897306A-DB7F-41B4-8D53-B64F928E258C}.Release|Any CPU.ActiveCfg = Release|Any CPU
		{A897306A-DB7F-41B4-8D53-B64F928E258C}.Release|Any CPU.Build.0 = Release|Any CPU
		{A897306A-DB7F-41B4-8D53-B64F928E258C}.Release|ARM.ActiveCfg = Release|Any CPU
		{A897306A-DB7F-41B4-8D53-B64F928E258C}.Release|ARM.Build.0 = Release|Any CPU
		{A897306A-DB7F-41B4-8D53-B64F928E258C}.Release|Mixed Platforms.ActiveCfg = Release|Any CPU
		{A897306A-DB7F-41B4-8D53-B64F928E258C}.Release|Mixed Platforms.Build.0 = Release|Any CPU
		{A897306A-DB7F-41B4-8D53-B64F928E258C}.Release|Win32.ActiveCfg = Release|Any CPU
		{A897306A-DB7F-41B4-8D53-B64F928E258C}.Release|Win32.Build.0 = Release|Any CPU
		{A897306A-DB7F-41B4-8D53-B64F928E258C}.Release|x64.ActiveCfg = Release|Any CPU
		{A897306A-DB7F-41B4-8D53-B64F928E258C}.Release|x64.Build.0 = Release|Any CPU
		{A897306A-DB7F-41B4-8D53-B64F928E258C}.Release|x86.ActiveCfg = Release|Any CPU
		{A897306A-DB7F-41B4-8D53-B64F928E258C}.Release|x86.Build.0 = Release|Any CPU
		{4FE0DDFD-EC7D-44F2-AA23-6F4C08E4DA15}.Debug|Any CPU.ActiveCfg = Debug|Any CPU
		{4FE0DDFD-EC7D-44F2-AA23-6F4C08E4DA15}.Debug|Any CPU.Build.0 = Debug|Any CPU
		{4FE0DDFD-EC7D-44F2-AA23-6F4C08E4DA15}.Debug|ARM.ActiveCfg = Debug|Any CPU
		{4FE0DDFD-EC7D-44F2-AA23-6F4C08E4DA15}.Debug|ARM.Build.0 = Debug|Any CPU
		{4FE0DDFD-EC7D-44F2-AA23-6F4C08E4DA15}.Debug|Mixed Platforms.ActiveCfg = Debug|Any CPU
		{4FE0DDFD-EC7D-44F2-AA23-6F4C08E4DA15}.Debug|Mixed Platforms.Build.0 = Debug|Any CPU
		{4FE0DDFD-EC7D-44F2-AA23-6F4C08E4DA15}.Debug|Win32.ActiveCfg = Debug|Any CPU
		{4FE0DDFD-EC7D-44F2-AA23-6F4C08E4DA15}.Debug|Win32.Build.0 = Debug|Any CPU
		{4FE0DDFD-EC7D-44F2-AA23-6F4C08E4DA15}.Debug|x64.ActiveCfg = Debug|Any CPU
		{4FE0DDFD-EC7D-44F2-AA23-6F4C08E4DA15}.Debug|x64.Build.0 = Debug|Any CPU
		{4FE0DDFD-EC7D-44F2-AA23-6F4C08E4DA15}.Debug|x86.ActiveCfg = Debug|Any CPU
		{4FE0DDFD-EC7D-44F2-AA23-6F4C08E4DA15}.Debug|x86.Build.0 = Debug|Any CPU
		{4FE0DDFD-EC7D-44F2-AA23-6F4C08E4DA15}.Release|Any CPU.ActiveCfg = Release|Any CPU
		{4FE0DDFD-EC7D-44F2-AA23-6F4C08E4DA15}.Release|Any CPU.Build.0 = Release|Any CPU
		{4FE0DDFD-EC7D-44F2-AA23-6F4C08E4DA15}.Release|ARM.ActiveCfg = Release|Any CPU
		{4FE0DDFD-EC7D-44F2-AA23-6F4C08E4DA15}.Release|ARM.Build.0 = Release|Any CPU
		{4FE0DDFD-EC7D-44F2-AA23-6F4C08E4DA15}.Release|Mixed Platforms.ActiveCfg = Release|Any CPU
		{4FE0DDFD-EC7D-44F2-AA23-6F4C08E4DA15}.Release|Mixed Platforms.Build.0 = Release|Any CPU
		{4FE0DDFD-EC7D-44F2-AA23-6F4C08E4DA15}.Release|Win32.ActiveCfg = Release|Any CPU
		{4FE0DDFD-EC7D-44F2-AA23-6F4C08E4DA15}.Release|Win32.Build.0 = Release|Any CPU
		{4FE0DDFD-EC7D-44F2-AA23-6F4C08E4DA15}.Release|x64.ActiveCfg = Release|Any CPU
		{4FE0DDFD-EC7D-44F2-AA23-6F4C08E4DA15}.Release|x64.Build.0 = Release|Any CPU
		{4FE0DDFD-EC7D-44F2-AA23-6F4C08E4DA15}.Release|x86.ActiveCfg = Release|Any CPU
		{4FE0DDFD-EC7D-44F2-AA23-6F4C08E4DA15}.Release|x86.Build.0 = Release|Any CPU
		{31716C7E-3D9D-45B7-A14B-4592DFA01B32}.Debug|Any CPU.ActiveCfg = Debug|Any CPU
		{31716C7E-3D9D-45B7-A14B-4592DFA01B32}.Debug|Any CPU.Build.0 = Debug|Any CPU
		{31716C7E-3D9D-45B7-A14B-4592DFA01B32}.Debug|ARM.ActiveCfg = Debug|Any CPU
		{31716C7E-3D9D-45B7-A14B-4592DFA01B32}.Debug|ARM.Build.0 = Debug|Any CPU
		{31716C7E-3D9D-45B7-A14B-4592DFA01B32}.Debug|Mixed Platforms.ActiveCfg = Debug|Any CPU
		{31716C7E-3D9D-45B7-A14B-4592DFA01B32}.Debug|Mixed Platforms.Build.0 = Debug|Any CPU
		{31716C7E-3D9D-45B7-A14B-4592DFA01B32}.Debug|Win32.ActiveCfg = Debug|Any CPU
		{31716C7E-3D9D-45B7-A14B-4592DFA01B32}.Debug|Win32.Build.0 = Debug|Any CPU
		{31716C7E-3D9D-45B7-A14B-4592DFA01B32}.Debug|x64.ActiveCfg = Debug|Any CPU
		{31716C7E-3D9D-45B7-A14B-4592DFA01B32}.Debug|x64.Build.0 = Debug|Any CPU
		{31716C7E-3D9D-45B7-A14B-4592DFA01B32}.Debug|x86.ActiveCfg = Debug|Any CPU
		{31716C7E-3D9D-45B7-A14B-4592DFA01B32}.Debug|x86.Build.0 = Debug|Any CPU
		{31716C7E-3D9D-45B7-A14B-4592DFA01B32}.Release|Any CPU.ActiveCfg = Release|Any CPU
		{31716C7E-3D9D-45B7-A14B-4592DFA01B32}.Release|Any CPU.Build.0 = Release|Any CPU
		{31716C7E-3D9D-45B7-A14B-4592DFA01B32}.Release|ARM.ActiveCfg = Release|Any CPU
		{31716C7E-3D9D-45B7-A14B-4592DFA01B32}.Release|ARM.Build.0 = Release|Any CPU
		{31716C7E-3D9D-45B7-A14B-4592DFA01B32}.Release|Mixed Platforms.ActiveCfg = Release|Any CPU
		{31716C7E-3D9D-45B7-A14B-4592DFA01B32}.Release|Mixed Platforms.Build.0 = Release|Any CPU
		{31716C7E-3D9D-45B7-A14B-4592DFA01B32}.Release|Win32.ActiveCfg = Release|Any CPU
		{31716C7E-3D9D-45B7-A14B-4592DFA01B32}.Release|Win32.Build.0 = Release|Any CPU
		{31716C7E-3D9D-45B7-A14B-4592DFA01B32}.Release|x64.ActiveCfg = Release|Any CPU
		{31716C7E-3D9D-45B7-A14B-4592DFA01B32}.Release|x64.Build.0 = Release|Any CPU
		{31716C7E-3D9D-45B7-A14B-4592DFA01B32}.Release|x86.ActiveCfg = Release|Any CPU
		{31716C7E-3D9D-45B7-A14B-4592DFA01B32}.Release|x86.Build.0 = Release|Any CPU
	EndGlobalSection
	GlobalSection(SolutionProperties) = preSolution
		HideSolutionNode = FALSE
	EndGlobalSection
	GlobalSection(NestedProjects) = preSolution
		{758FC9E6-177D-4231-8AFF-2BDA5B7DAB54} = {D47E7AF7-77FF-43A6-949A-6B98EB51499D}
		{4F75C36E-7157-449F-9686-DEA20F83BBDB} = {D47E7AF7-77FF-43A6-949A-6B98EB51499D}
		{3AB77D5F-33DA-4867-B97B-9E0DA4901DDE} = {D47E7AF7-77FF-43A6-949A-6B98EB51499D}
		{BABB709F-6E07-49EE-85F4-9DFA1E5126EF} = {6C78E2F6-4321-4C89-9312-AA367B07205C}
		{3DE6E1BD-606B-41C8-99AC-6FC22AFEC0B4} = {D47E7AF7-77FF-43A6-949A-6B98EB51499D}
		{C8694177-A4FB-44DD-AFAF-DB029E94F037} = {D47E7AF7-77FF-43A6-949A-6B98EB51499D}
		{9DB7237D-BFAE-4767-8202-8E54977978A0} = {D47E7AF7-77FF-43A6-949A-6B98EB51499D}
		{A897306A-DB7F-41B4-8D53-B64F928E258C} = {6C78E2F6-4321-4C89-9312-AA367B07205C}
		{196FA595-153B-4435-8E9B-46C36BAC1A2E} = {E8D26177-F66D-4F97-9AB4-A02C30D77CFD}
		{31716C7E-3D9D-45B7-A14B-4592DFA01B32} = {6C78E2F6-4321-4C89-9312-AA367B07205C}
	EndGlobalSection
	GlobalSection(ExtensibilityGlobals) = postSolution
		SolutionGuid = {03A3D190-56B2-48D0-8228-09E6621B36AC}
	EndGlobalSection
EndGlobal
