Microsoft Visual Studio Solution File, Format Version 12.00
# Visual Studio 14
VisualStudioVersion = 14.0.25123.0
MinimumVisualStudioVersion = 10.0.40219.1
Project("{FAE04EC0-301F-11D3-BF4B-00C04F79EFBC}") = "FastMines.Main", "FastMines.Main\FastMines.Main.csproj", "{758FC9E6-177D-4231-8AFF-2BDA5B7DAB54}"
EndProject
Project("{FAE04EC0-301F-11D3-BF4B-00C04F79EFBC}") = "FastMines.BackgroundTasks", "FastMines.BackgroundTasks\FastMines.BackgroundTasks.csproj", "{4F75C36E-7157-449F-9686-DEA20F83BBDB}"
EndProject
Project("{8BC9CEB8-8B4A-11D0-8D11-00A0C91BC942}") = "FastMines.Logo", "..\FastMines_Logo\FastMines_Logo.vcxproj", "{709C5B80-F59C-4E4C-AED6-6CDEBA3D8E9C}"
EndProject
Project("{FAE04EC0-301F-11D3-BF4B-00C04F79EFBC}") = "FastMines.Common", "FastMines.Common\FastMines.Common.csproj", "{4132C01A-1666-4F2E-B0A7-59285953F4B6}"
EndProject
Project("{FAE04EC0-301F-11D3-BF4B-00C04F79EFBC}") = "FastMines.Core", "FastMines.Core\FastMines.Core.csproj", "{9DFD73DB-D187-4471-98BA-713996C8A257}"
EndProject
Project("{FAE04EC0-301F-11D3-BF4B-00C04F79EFBC}") = "FastMines.Uni", "FastMines.Uni\FastMines.Uni.csproj", "{6DF9A247-AEAC-4D0E-9949-1781D44BD2C9}"
EndProject
Project("{FAE04EC0-301F-11D3-BF4B-00C04F79EFBC}") = "FastMines.Demo.Win81", "FastMines.Demo.Win81\FastMines.Demo.Win81.csproj", "{F05946AE-58B1-4A84-9AD1-07954F90AE31}"
EndProject
Global
	GlobalSection(SolutionConfigurationPlatforms) = preSolution
		Debug|Any CPU = Debug|Any CPU
		Debug|ARM = Debug|ARM
		Debug|Mixed Platforms = Debug|Mixed Platforms
		Debug|Win32 = Debug|Win32
		Debug|x64 = Debug|x64
		Debug|x86 = Debug|x86
		Release|Any CPU = Release|Any CPU
		Release|ARM = Release|ARM
		Release|Mixed Platforms = Release|Mixed Platforms
		Release|Win32 = Release|Win32
		Release|x64 = Release|x64
		Release|x86 = Release|x86
	EndGlobalSection
	GlobalSection(ProjectConfigurationPlatforms) = postSolution
		{758FC9E6-177D-4231-8AFF-2BDA5B7DAB54}.Debug|Any CPU.ActiveCfg = Debug|x86
		{758FC9E6-177D-4231-8AFF-2BDA5B7DAB54}.Debug|ARM.ActiveCfg = Debug|ARM
		{758FC9E6-177D-4231-8AFF-2BDA5B7DAB54}.Debug|ARM.Build.0 = Debug|ARM
		{758FC9E6-177D-4231-8AFF-2BDA5B7DAB54}.Debug|ARM.Deploy.0 = Debug|ARM
		{758FC9E6-177D-4231-8AFF-2BDA5B7DAB54}.Debug|Mixed Platforms.ActiveCfg = Debug|x86
		{758FC9E6-177D-4231-8AFF-2BDA5B7DAB54}.Debug|Mixed Platforms.Build.0 = Debug|x86
		{758FC9E6-177D-4231-8AFF-2BDA5B7DAB54}.Debug|Mixed Platforms.Deploy.0 = Debug|x86
		{758FC9E6-177D-4231-8AFF-2BDA5B7DAB54}.Debug|Win32.ActiveCfg = Debug|x86
		{758FC9E6-177D-4231-8AFF-2BDA5B7DAB54}.Debug|Win32.Build.0 = Debug|x86
		{758FC9E6-177D-4231-8AFF-2BDA5B7DAB54}.Debug|Win32.Deploy.0 = Debug|x86
		{758FC9E6-177D-4231-8AFF-2BDA5B7DAB54}.Debug|x64.ActiveCfg = Debug|x64
		{758FC9E6-177D-4231-8AFF-2BDA5B7DAB54}.Debug|x64.Build.0 = Debug|x64
		{758FC9E6-177D-4231-8AFF-2BDA5B7DAB54}.Debug|x64.Deploy.0 = Debug|x64
		{758FC9E6-177D-4231-8AFF-2BDA5B7DAB54}.Debug|x86.ActiveCfg = Debug|x86
		{758FC9E6-177D-4231-8AFF-2BDA5B7DAB54}.Debug|x86.Build.0 = Debug|x86
		{758FC9E6-177D-4231-8AFF-2BDA5B7DAB54}.Debug|x86.Deploy.0 = Debug|x86
		{758FC9E6-177D-4231-8AFF-2BDA5B7DAB54}.Release|Any CPU.ActiveCfg = Release|x86
		{758FC9E6-177D-4231-8AFF-2BDA5B7DAB54}.Release|ARM.ActiveCfg = Release|ARM
		{758FC9E6-177D-4231-8AFF-2BDA5B7DAB54}.Release|ARM.Build.0 = Release|ARM
		{758FC9E6-177D-4231-8AFF-2BDA5B7DAB54}.Release|ARM.Deploy.0 = Release|ARM
		{758FC9E6-177D-4231-8AFF-2BDA5B7DAB54}.Release|Mixed Platforms.ActiveCfg = Release|x86
		{758FC9E6-177D-4231-8AFF-2BDA5B7DAB54}.Release|Mixed Platforms.Build.0 = Release|x86
		{758FC9E6-177D-4231-8AFF-2BDA5B7DAB54}.Release|Mixed Platforms.Deploy.0 = Release|x86
		{758FC9E6-177D-4231-8AFF-2BDA5B7DAB54}.Release|Win32.ActiveCfg = Release|x86
		{758FC9E6-177D-4231-8AFF-2BDA5B7DAB54}.Release|x64.ActiveCfg = Release|x64
		{758FC9E6-177D-4231-8AFF-2BDA5B7DAB54}.Release|x64.Build.0 = Release|x64
		{758FC9E6-177D-4231-8AFF-2BDA5B7DAB54}.Release|x64.Deploy.0 = Release|x64
		{758FC9E6-177D-4231-8AFF-2BDA5B7DAB54}.Release|x86.ActiveCfg = Release|x86
		{758FC9E6-177D-4231-8AFF-2BDA5B7DAB54}.Release|x86.Build.0 = Release|x86
		{758FC9E6-177D-4231-8AFF-2BDA5B7DAB54}.Release|x86.Deploy.0 = Release|x86
		{4F75C36E-7157-449F-9686-DEA20F83BBDB}.Debug|Any CPU.ActiveCfg = Debug|x86
		{4F75C36E-7157-449F-9686-DEA20F83BBDB}.Debug|ARM.ActiveCfg = Debug|ARM
		{4F75C36E-7157-449F-9686-DEA20F83BBDB}.Debug|ARM.Build.0 = Debug|ARM
		{4F75C36E-7157-449F-9686-DEA20F83BBDB}.Debug|Mixed Platforms.ActiveCfg = Debug|x86
		{4F75C36E-7157-449F-9686-DEA20F83BBDB}.Debug|Mixed Platforms.Build.0 = Debug|x86
		{4F75C36E-7157-449F-9686-DEA20F83BBDB}.Debug|Win32.ActiveCfg = Debug|x86
		{4F75C36E-7157-449F-9686-DEA20F83BBDB}.Debug|Win32.Build.0 = Debug|x86
		{4F75C36E-7157-449F-9686-DEA20F83BBDB}.Debug|x64.ActiveCfg = Debug|x64
		{4F75C36E-7157-449F-9686-DEA20F83BBDB}.Debug|x64.Build.0 = Debug|x64
		{4F75C36E-7157-449F-9686-DEA20F83BBDB}.Debug|x86.ActiveCfg = Debug|x86
		{4F75C36E-7157-449F-9686-DEA20F83BBDB}.Debug|x86.Build.0 = Debug|x86
		{4F75C36E-7157-449F-9686-DEA20F83BBDB}.Release|Any CPU.ActiveCfg = Release|x86
		{4F75C36E-7157-449F-9686-DEA20F83BBDB}.Release|ARM.ActiveCfg = Release|ARM
		{4F75C36E-7157-449F-9686-DEA20F83BBDB}.Release|ARM.Build.0 = Release|ARM
		{4F75C36E-7157-449F-9686-DEA20F83BBDB}.Release|Mixed Platforms.ActiveCfg = Release|x86
		{4F75C36E-7157-449F-9686-DEA20F83BBDB}.Release|Mixed Platforms.Build.0 = Release|x86
		{4F75C36E-7157-449F-9686-DEA20F83BBDB}.Release|Win32.ActiveCfg = Release|x86
		{4F75C36E-7157-449F-9686-DEA20F83BBDB}.Release|Win32.Build.0 = Release|x86
		{4F75C36E-7157-449F-9686-DEA20F83BBDB}.Release|x64.ActiveCfg = Release|x64
		{4F75C36E-7157-449F-9686-DEA20F83BBDB}.Release|x64.Build.0 = Release|x64
		{4F75C36E-7157-449F-9686-DEA20F83BBDB}.Release|x86.ActiveCfg = Release|x86
		{4F75C36E-7157-449F-9686-DEA20F83BBDB}.Release|x86.Build.0 = Release|x86
		{709C5B80-F59C-4E4C-AED6-6CDEBA3D8E9C}.Debug|Any CPU.ActiveCfg = Debug|Win32
		{709C5B80-F59C-4E4C-AED6-6CDEBA3D8E9C}.Debug|ARM.ActiveCfg = Debug|Win32
		{709C5B80-F59C-4E4C-AED6-6CDEBA3D8E9C}.Debug|Mixed Platforms.ActiveCfg = Debug|Win32
		{709C5B80-F59C-4E4C-AED6-6CDEBA3D8E9C}.Debug|Mixed Platforms.Build.0 = Debug|Win32
		{709C5B80-F59C-4E4C-AED6-6CDEBA3D8E9C}.Debug|Win32.ActiveCfg = Debug|Win32
		{709C5B80-F59C-4E4C-AED6-6CDEBA3D8E9C}.Debug|Win32.Build.0 = Debug|Win32
		{709C5B80-F59C-4E4C-AED6-6CDEBA3D8E9C}.Debug|x64.ActiveCfg = Debug|Win32
		{709C5B80-F59C-4E4C-AED6-6CDEBA3D8E9C}.Debug|x86.ActiveCfg = Debug|Win32
		{709C5B80-F59C-4E4C-AED6-6CDEBA3D8E9C}.Debug|x86.Build.0 = Debug|Win32
		{709C5B80-F59C-4E4C-AED6-6CDEBA3D8E9C}.Release|Any CPU.ActiveCfg = Release|Win32
		{709C5B80-F59C-4E4C-AED6-6CDEBA3D8E9C}.Release|ARM.ActiveCfg = Release|Win32
		{709C5B80-F59C-4E4C-AED6-6CDEBA3D8E9C}.Release|Mixed Platforms.ActiveCfg = Release|Win32
		{709C5B80-F59C-4E4C-AED6-6CDEBA3D8E9C}.Release|Mixed Platforms.Build.0 = Release|Win32
		{709C5B80-F59C-4E4C-AED6-6CDEBA3D8E9C}.Release|Win32.ActiveCfg = Release|Win32
		{709C5B80-F59C-4E4C-AED6-6CDEBA3D8E9C}.Release|Win32.Build.0 = Release|Win32
		{709C5B80-F59C-4E4C-AED6-6CDEBA3D8E9C}.Release|x64.ActiveCfg = Release|Win32
		{709C5B80-F59C-4E4C-AED6-6CDEBA3D8E9C}.Release|x86.ActiveCfg = Release|Win32
		{709C5B80-F59C-4E4C-AED6-6CDEBA3D8E9C}.Release|x86.Build.0 = Release|Win32
		{4132C01A-1666-4F2E-B0A7-59285953F4B6}.Debug|Any CPU.ActiveCfg = Debug|Any CPU
		{4132C01A-1666-4F2E-B0A7-59285953F4B6}.Debug|Any CPU.Build.0 = Debug|Any CPU
		{4132C01A-1666-4F2E-B0A7-59285953F4B6}.Debug|ARM.ActiveCfg = Debug|Any CPU
		{4132C01A-1666-4F2E-B0A7-59285953F4B6}.Debug|ARM.Build.0 = Debug|Any CPU
		{4132C01A-1666-4F2E-B0A7-59285953F4B6}.Debug|Mixed Platforms.ActiveCfg = Debug|Any CPU
		{4132C01A-1666-4F2E-B0A7-59285953F4B6}.Debug|Mixed Platforms.Build.0 = Debug|Any CPU
		{4132C01A-1666-4F2E-B0A7-59285953F4B6}.Debug|Win32.ActiveCfg = Debug|Any CPU
		{4132C01A-1666-4F2E-B0A7-59285953F4B6}.Debug|Win32.Build.0 = Debug|Any CPU
		{4132C01A-1666-4F2E-B0A7-59285953F4B6}.Debug|x64.ActiveCfg = Debug|Any CPU
		{4132C01A-1666-4F2E-B0A7-59285953F4B6}.Debug|x64.Build.0 = Debug|Any CPU
		{4132C01A-1666-4F2E-B0A7-59285953F4B6}.Debug|x86.ActiveCfg = Debug|Any CPU
		{4132C01A-1666-4F2E-B0A7-59285953F4B6}.Debug|x86.Build.0 = Debug|Any CPU
		{4132C01A-1666-4F2E-B0A7-59285953F4B6}.Release|Any CPU.ActiveCfg = Release|Any CPU
		{4132C01A-1666-4F2E-B0A7-59285953F4B6}.Release|Any CPU.Build.0 = Release|Any CPU
		{4132C01A-1666-4F2E-B0A7-59285953F4B6}.Release|ARM.ActiveCfg = Release|Any CPU
		{4132C01A-1666-4F2E-B0A7-59285953F4B6}.Release|ARM.Build.0 = Release|Any CPU
		{4132C01A-1666-4F2E-B0A7-59285953F4B6}.Release|Mixed Platforms.ActiveCfg = Release|Any CPU
		{4132C01A-1666-4F2E-B0A7-59285953F4B6}.Release|Mixed Platforms.Build.0 = Release|Any CPU
		{4132C01A-1666-4F2E-B0A7-59285953F4B6}.Release|Win32.ActiveCfg = Release|Any CPU
		{4132C01A-1666-4F2E-B0A7-59285953F4B6}.Release|Win32.Build.0 = Release|Any CPU
		{4132C01A-1666-4F2E-B0A7-59285953F4B6}.Release|x64.ActiveCfg = Release|Any CPU
		{4132C01A-1666-4F2E-B0A7-59285953F4B6}.Release|x64.Build.0 = Release|Any CPU
		{4132C01A-1666-4F2E-B0A7-59285953F4B6}.Release|x86.ActiveCfg = Release|Any CPU
		{4132C01A-1666-4F2E-B0A7-59285953F4B6}.Release|x86.Build.0 = Release|Any CPU
		{9DFD73DB-D187-4471-98BA-713996C8A257}.Debug|Any CPU.ActiveCfg = Debug|Any CPU
		{9DFD73DB-D187-4471-98BA-713996C8A257}.Debug|Any CPU.Build.0 = Debug|Any CPU
		{9DFD73DB-D187-4471-98BA-713996C8A257}.Debug|ARM.ActiveCfg = Debug|Any CPU
		{9DFD73DB-D187-4471-98BA-713996C8A257}.Debug|ARM.Build.0 = Debug|Any CPU
		{9DFD73DB-D187-4471-98BA-713996C8A257}.Debug|Mixed Platforms.ActiveCfg = Debug|Any CPU
		{9DFD73DB-D187-4471-98BA-713996C8A257}.Debug|Mixed Platforms.Build.0 = Debug|Any CPU
		{9DFD73DB-D187-4471-98BA-713996C8A257}.Debug|Win32.ActiveCfg = Debug|Any CPU
		{9DFD73DB-D187-4471-98BA-713996C8A257}.Debug|Win32.Build.0 = Debug|Any CPU
		{9DFD73DB-D187-4471-98BA-713996C8A257}.Debug|x64.ActiveCfg = Debug|Any CPU
		{9DFD73DB-D187-4471-98BA-713996C8A257}.Debug|x64.Build.0 = Debug|Any CPU
		{9DFD73DB-D187-4471-98BA-713996C8A257}.Debug|x86.ActiveCfg = Debug|Any CPU
		{9DFD73DB-D187-4471-98BA-713996C8A257}.Debug|x86.Build.0 = Debug|Any CPU
		{9DFD73DB-D187-4471-98BA-713996C8A257}.Release|Any CPU.ActiveCfg = Release|Any CPU
		{9DFD73DB-D187-4471-98BA-713996C8A257}.Release|Any CPU.Build.0 = Release|Any CPU
		{9DFD73DB-D187-4471-98BA-713996C8A257}.Release|ARM.ActiveCfg = Release|Any CPU
		{9DFD73DB-D187-4471-98BA-713996C8A257}.Release|ARM.Build.0 = Release|Any CPU
		{9DFD73DB-D187-4471-98BA-713996C8A257}.Release|Mixed Platforms.ActiveCfg = Release|Any CPU
		{9DFD73DB-D187-4471-98BA-713996C8A257}.Release|Mixed Platforms.Build.0 = Release|Any CPU
		{9DFD73DB-D187-4471-98BA-713996C8A257}.Release|Win32.ActiveCfg = Release|Any CPU
		{9DFD73DB-D187-4471-98BA-713996C8A257}.Release|Win32.Build.0 = Release|Any CPU
		{9DFD73DB-D187-4471-98BA-713996C8A257}.Release|x64.ActiveCfg = Release|Any CPU
		{9DFD73DB-D187-4471-98BA-713996C8A257}.Release|x64.Build.0 = Release|Any CPU
		{9DFD73DB-D187-4471-98BA-713996C8A257}.Release|x86.ActiveCfg = Release|Any CPU
		{9DFD73DB-D187-4471-98BA-713996C8A257}.Release|x86.Build.0 = Release|Any CPU
		{6DF9A247-AEAC-4D0E-9949-1781D44BD2C9}.Debug|Any CPU.ActiveCfg = Debug|Any CPU
		{6DF9A247-AEAC-4D0E-9949-1781D44BD2C9}.Debug|Any CPU.Build.0 = Debug|Any CPU
		{6DF9A247-AEAC-4D0E-9949-1781D44BD2C9}.Debug|ARM.ActiveCfg = Debug|ARM
		{6DF9A247-AEAC-4D0E-9949-1781D44BD2C9}.Debug|ARM.Build.0 = Debug|ARM
		{6DF9A247-AEAC-4D0E-9949-1781D44BD2C9}.Debug|Mixed Platforms.ActiveCfg = Debug|x86
		{6DF9A247-AEAC-4D0E-9949-1781D44BD2C9}.Debug|Mixed Platforms.Build.0 = Debug|x86
		{6DF9A247-AEAC-4D0E-9949-1781D44BD2C9}.Debug|Win32.ActiveCfg = Debug|x86
		{6DF9A247-AEAC-4D0E-9949-1781D44BD2C9}.Debug|Win32.Build.0 = Debug|x86
		{6DF9A247-AEAC-4D0E-9949-1781D44BD2C9}.Debug|x64.ActiveCfg = Debug|x64
		{6DF9A247-AEAC-4D0E-9949-1781D44BD2C9}.Debug|x64.Build.0 = Debug|x64
		{6DF9A247-AEAC-4D0E-9949-1781D44BD2C9}.Debug|x86.ActiveCfg = Debug|x86
		{6DF9A247-AEAC-4D0E-9949-1781D44BD2C9}.Debug|x86.Build.0 = Debug|x86
		{6DF9A247-AEAC-4D0E-9949-1781D44BD2C9}.Release|Any CPU.ActiveCfg = Release|Any CPU
		{6DF9A247-AEAC-4D0E-9949-1781D44BD2C9}.Release|Any CPU.Build.0 = Release|Any CPU
		{6DF9A247-AEAC-4D0E-9949-1781D44BD2C9}.Release|ARM.ActiveCfg = Release|ARM
		{6DF9A247-AEAC-4D0E-9949-1781D44BD2C9}.Release|ARM.Build.0 = Release|ARM
		{6DF9A247-AEAC-4D0E-9949-1781D44BD2C9}.Release|Mixed Platforms.ActiveCfg = Release|x86
		{6DF9A247-AEAC-4D0E-9949-1781D44BD2C9}.Release|Mixed Platforms.Build.0 = Release|x86
		{6DF9A247-AEAC-4D0E-9949-1781D44BD2C9}.Release|Win32.ActiveCfg = Release|x86
		{6DF9A247-AEAC-4D0E-9949-1781D44BD2C9}.Release|Win32.Build.0 = Release|x86
		{6DF9A247-AEAC-4D0E-9949-1781D44BD2C9}.Release|x64.ActiveCfg = Release|x64
		{6DF9A247-AEAC-4D0E-9949-1781D44BD2C9}.Release|x64.Build.0 = Release|x64
		{6DF9A247-AEAC-4D0E-9949-1781D44BD2C9}.Release|x86.ActiveCfg = Release|x86
		{6DF9A247-AEAC-4D0E-9949-1781D44BD2C9}.Release|x86.Build.0 = Release|x86
		{F05946AE-58B1-4A84-9AD1-07954F90AE31}.Debug|Any CPU.ActiveCfg = Debug|Any CPU
		{F05946AE-58B1-4A84-9AD1-07954F90AE31}.Debug|Any CPU.Build.0 = Debug|Any CPU
		{F05946AE-58B1-4A84-9AD1-07954F90AE31}.Debug|Any CPU.Deploy.0 = Debug|Any CPU
		{F05946AE-58B1-4A84-9AD1-07954F90AE31}.Debug|ARM.ActiveCfg = Debug|ARM
		{F05946AE-58B1-4A84-9AD1-07954F90AE31}.Debug|ARM.Build.0 = Debug|ARM
		{F05946AE-58B1-4A84-9AD1-07954F90AE31}.Debug|ARM.Deploy.0 = Debug|ARM
		{F05946AE-58B1-4A84-9AD1-07954F90AE31}.Debug|Mixed Platforms.ActiveCfg = Debug|x86
		{F05946AE-58B1-4A84-9AD1-07954F90AE31}.Debug|Mixed Platforms.Build.0 = Debug|x86
		{F05946AE-58B1-4A84-9AD1-07954F90AE31}.Debug|Mixed Platforms.Deploy.0 = Debug|x86
		{F05946AE-58B1-4A84-9AD1-07954F90AE31}.Debug|Win32.ActiveCfg = Debug|x86
		{F05946AE-58B1-4A84-9AD1-07954F90AE31}.Debug|Win32.Build.0 = Debug|x86
		{F05946AE-58B1-4A84-9AD1-07954F90AE31}.Debug|Win32.Deploy.0 = Debug|x86
		{F05946AE-58B1-4A84-9AD1-07954F90AE31}.Debug|x64.ActiveCfg = Debug|x64
		{F05946AE-58B1-4A84-9AD1-07954F90AE31}.Debug|x64.Build.0 = Debug|x64
		{F05946AE-58B1-4A84-9AD1-07954F90AE31}.Debug|x64.Deploy.0 = Debug|x64
		{F05946AE-58B1-4A84-9AD1-07954F90AE31}.Debug|x86.ActiveCfg = Debug|x86
		{F05946AE-58B1-4A84-9AD1-07954F90AE31}.Debug|x86.Build.0 = Debug|x86
		{F05946AE-58B1-4A84-9AD1-07954F90AE31}.Debug|x86.Deploy.0 = Debug|x86
		{F05946AE-58B1-4A84-9AD1-07954F90AE31}.Release|Any CPU.ActiveCfg = Release|Any CPU
		{F05946AE-58B1-4A84-9AD1-07954F90AE31}.Release|Any CPU.Build.0 = Release|Any CPU
		{F05946AE-58B1-4A84-9AD1-07954F90AE31}.Release|Any CPU.Deploy.0 = Release|Any CPU
		{F05946AE-58B1-4A84-9AD1-07954F90AE31}.Release|ARM.ActiveCfg = Release|ARM
		{F05946AE-58B1-4A84-9AD1-07954F90AE31}.Release|ARM.Build.0 = Release|ARM
		{F05946AE-58B1-4A84-9AD1-07954F90AE31}.Release|ARM.Deploy.0 = Release|ARM
		{F05946AE-58B1-4A84-9AD1-07954F90AE31}.Release|Mixed Platforms.ActiveCfg = Release|x86
		{F05946AE-58B1-4A84-9AD1-07954F90AE31}.Release|Mixed Platforms.Build.0 = Release|x86
		{F05946AE-58B1-4A84-9AD1-07954F90AE31}.Release|Mixed Platforms.Deploy.0 = Release|x86
		{F05946AE-58B1-4A84-9AD1-07954F90AE31}.Release|Win32.ActiveCfg = Release|x86
		{F05946AE-58B1-4A84-9AD1-07954F90AE31}.Release|Win32.Build.0 = Release|x86
		{F05946AE-58B1-4A84-9AD1-07954F90AE31}.Release|Win32.Deploy.0 = Release|x86
		{F05946AE-58B1-4A84-9AD1-07954F90AE31}.Release|x64.ActiveCfg = Release|x64
		{F05946AE-58B1-4A84-9AD1-07954F90AE31}.Release|x64.Build.0 = Release|x64
		{F05946AE-58B1-4A84-9AD1-07954F90AE31}.Release|x64.Deploy.0 = Release|x64
		{F05946AE-58B1-4A84-9AD1-07954F90AE31}.Release|x86.ActiveCfg = Release|x86
		{F05946AE-58B1-4A84-9AD1-07954F90AE31}.Release|x86.Build.0 = Release|x86
		{F05946AE-58B1-4A84-9AD1-07954F90AE31}.Release|x86.Deploy.0 = Release|x86
	EndGlobalSection
	GlobalSection(SolutionProperties) = preSolution
		HideSolutionNode = FALSE
	EndGlobalSection
EndGlobal
